
Microsoft Visual Studio Solution File, Format Version 12.00
# Visual Studio 15
VisualStudioVersion = 15.0.28307.572
MinimumVisualStudioVersion = 10.0.40219.1
Project("{FAE04EC0-301F-11D3-BF4B-00C04F79EFBC}") = "DropdownMenu.Android", "DropdownMenu\DropdownMenu.Android\DropdownMenu.Android.csproj", "{6706DA79-895D-45BE-BC7F-828A79CBB924}"
EndProject
Project("{FAE04EC0-301F-11D3-BF4B-00C04F79EFBC}") = "DropdownMenu.iOS", "DropdownMenu\DropdownMenu.iOS\DropdownMenu.iOS.csproj", "{562ACB16-BCBC-4B8D-A75D-DE4C4776FE8A}"
EndProject
Project("{FAE04EC0-301F-11D3-BF4B-00C04F79EFBC}") = "DropdownMenu", "DropdownMenu\DropdownMenu\DropdownMenu.csproj", "{038A233B-B5F7-4313-8882-65D1A139F16C}"
EndProject
Global
	GlobalSection(SolutionConfigurationPlatforms) = preSolution
		Ad-Hoc|Any CPU = Ad-Hoc|Any CPU
		Ad-Hoc|iPhone = Ad-Hoc|iPhone
		Ad-Hoc|iPhoneSimulator = Ad-Hoc|iPhoneSimulator
		AppStore|Any CPU = AppStore|Any CPU
		AppStore|iPhone = AppStore|iPhone
		AppStore|iPhoneSimulator = AppStore|iPhoneSimulator
		Debug|Any CPU = Debug|Any CPU
		Debug|iPhone = Debug|iPhone
		Debug|iPhoneSimulator = Debug|iPhoneSimulator
		Release|Any CPU = Release|Any CPU
		Release|iPhone = Release|iPhone
		Release|iPhoneSimulator = Release|iPhoneSimulator
	EndGlobalSection
	GlobalSection(ProjectConfigurationPlatforms) = postSolution
		{6706DA79-895D-45BE-BC7F-828A79CBB924}.Ad-Hoc|Any CPU.ActiveCfg = Release|Any CPU
		{6706DA79-895D-45BE-BC7F-828A79CBB924}.Ad-Hoc|Any CPU.Build.0 = Release|Any CPU
		{6706DA79-895D-45BE-BC7F-828A79CBB924}.Ad-Hoc|Any CPU.Deploy.0 = Release|Any CPU
		{6706DA79-895D-45BE-BC7F-828A79CBB924}.Ad-Hoc|iPhone.ActiveCfg = Release|Any CPU
		{6706DA79-895D-45BE-BC7F-828A79CBB924}.Ad-Hoc|iPhone.Build.0 = Release|Any CPU
		{6706DA79-895D-45BE-BC7F-828A79CBB924}.Ad-Hoc|iPhone.Deploy.0 = Release|Any CPU
		{6706DA79-895D-45BE-BC7F-828A79CBB924}.Ad-Hoc|iPhoneSimulator.ActiveCfg = Release|Any CPU
		{6706DA79-895D-45BE-BC7F-828A79CBB924}.Ad-Hoc|iPhoneSimulator.Build.0 = Release|Any CPU
		{6706DA79-895D-45BE-BC7F-828A79CBB924}.Ad-Hoc|iPhoneSimulator.Deploy.0 = Release|Any CPU
		{6706DA79-895D-45BE-BC7F-828A79CBB924}.AppStore|Any CPU.ActiveCfg = Release|Any CPU
		{6706DA79-895D-45BE-BC7F-828A79CBB924}.AppStore|Any CPU.Build.0 = Release|Any CPU
		{6706DA79-895D-45BE-BC7F-828A79CBB924}.AppStore|Any CPU.Deploy.0 = Release|Any CPU
		{6706DA79-895D-45BE-BC7F-828A79CBB924}.AppStore|iPhone.ActiveCfg = Release|Any CPU
		{6706DA79-895D-45BE-BC7F-828A79CBB924}.AppStore|iPhone.Build.0 = Release|Any CPU
		{6706DA79-895D-45BE-BC7F-828A79CBB924}.AppStore|iPhone.Deploy.0 = Release|Any CPU
		{6706DA79-895D-45BE-BC7F-828A79CBB924}.AppStore|iPhoneSimulator.ActiveCfg = Release|Any CPU
		{6706DA79-895D-45BE-BC7F-828A79CBB924}.AppStore|iPhoneSimulator.Build.0 = Release|Any CPU
		{6706DA79-895D-45BE-BC7F-828A79CBB924}.AppStore|iPhoneSimulator.Deploy.0 = Release|Any CPU
		{6706DA79-895D-45BE-BC7F-828A79CBB924}.Debug|Any CPU.ActiveCfg = Debug|Any CPU
		{6706DA79-895D-45BE-BC7F-828A79CBB924}.Debug|Any CPU.Build.0 = Debug|Any CPU
		{6706DA79-895D-45BE-BC7F-828A79CBB924}.Debug|Any CPU.Deploy.0 = Debug|Any CPU
		{6706DA79-895D-45BE-BC7F-828A79CBB924}.Debug|iPhone.ActiveCfg = Debug|Any CPU
		{6706DA79-895D-45BE-BC7F-828A79CBB924}.Debug|iPhone.Build.0 = Debug|Any CPU
		{6706DA79-895D-45BE-BC7F-828A79CBB924}.Debug|iPhone.Deploy.0 = Debug|Any CPU
		{6706DA79-895D-45BE-BC7F-828A79CBB924}.Debug|iPhoneSimulator.ActiveCfg = Debug|Any CPU
		{6706DA79-895D-45BE-BC7F-828A79CBB924}.Debug|iPhoneSimulator.Build.0 = Debug|Any CPU
		{6706DA79-895D-45BE-BC7F-828A79CBB924}.Debug|iPhoneSimulator.Deploy.0 = Debug|Any CPU
		{6706DA79-895D-45BE-BC7F-828A79CBB924}.Release|Any CPU.ActiveCfg = Release|Any CPU
		{6706DA79-895D-45BE-BC7F-828A79CBB924}.Release|Any CPU.Build.0 = Release|Any CPU
		{6706DA79-895D-45BE-BC7F-828A79CBB924}.Release|Any CPU.Deploy.0 = Release|Any CPU
		{6706DA79-895D-45BE-BC7F-828A79CBB924}.Release|iPhone.ActiveCfg = Release|Any CPU
		{6706DA79-895D-45BE-BC7F-828A79CBB924}.Release|iPhone.Build.0 = Release|Any CPU
		{6706DA79-895D-45BE-BC7F-828A79CBB924}.Release|iPhone.Deploy.0 = Release|Any CPU
		{6706DA79-895D-45BE-BC7F-828A79CBB924}.Release|iPhoneSimulator.ActiveCfg = Release|Any CPU
		{6706DA79-895D-45BE-BC7F-828A79CBB924}.Release|iPhoneSimulator.Build.0 = Release|Any CPU
		{6706DA79-895D-45BE-BC7F-828A79CBB924}.Release|iPhoneSimulator.Deploy.0 = Release|Any CPU
		{562ACB16-BCBC-4B8D-A75D-DE4C4776FE8A}.Ad-Hoc|Any CPU.ActiveCfg = Ad-Hoc|iPhone
		{562ACB16-BCBC-4B8D-A75D-DE4C4776FE8A}.Ad-Hoc|Any CPU.Build.0 = Ad-Hoc|iPhone
		{562ACB16-BCBC-4B8D-A75D-DE4C4776FE8A}.Ad-Hoc|Any CPU.Deploy.0 = Ad-Hoc|iPhone
		{562ACB16-BCBC-4B8D-A75D-DE4C4776FE8A}.Ad-Hoc|iPhone.ActiveCfg = Ad-Hoc|iPhone
		{562ACB16-BCBC-4B8D-A75D-DE4C4776FE8A}.Ad-Hoc|iPhone.Build.0 = Ad-Hoc|iPhone
		{562ACB16-BCBC-4B8D-A75D-DE4C4776FE8A}.Ad-Hoc|iPhone.Deploy.0 = Ad-Hoc|iPhone
		{562ACB16-BCBC-4B8D-A75D-DE4C4776FE8A}.Ad-Hoc|iPhoneSimulator.ActiveCfg = Ad-Hoc|iPhoneSimulator
		{562ACB16-BCBC-4B8D-A75D-DE4C4776FE8A}.Ad-Hoc|iPhoneSimulator.Build.0 = Ad-Hoc|iPhoneSimulator
		{562ACB16-BCBC-4B8D-A75D-DE4C4776FE8A}.Ad-Hoc|iPhoneSimulator.Deploy.0 = Ad-Hoc|iPhoneSimulator
		{562ACB16-BCBC-4B8D-A75D-DE4C4776FE8A}.AppStore|Any CPU.ActiveCfg = AppStore|iPhone
		{562ACB16-BCBC-4B8D-A75D-DE4C4776FE8A}.AppStore|Any CPU.Build.0 = AppStore|iPhone
		{562ACB16-BCBC-4B8D-A75D-DE4C4776FE8A}.AppStore|Any CPU.Deploy.0 = AppStore|iPhone
		{562ACB16-BCBC-4B8D-A75D-DE4C4776FE8A}.AppStore|iPhone.ActiveCfg = AppStore|iPhone
		{562ACB16-BCBC-4B8D-A75D-DE4C4776FE8A}.AppStore|iPhone.Build.0 = AppStore|iPhone
		{562ACB16-BCBC-4B8D-A75D-DE4C4776FE8A}.AppStore|iPhone.Deploy.0 = AppStore|iPhone
		{562ACB16-BCBC-4B8D-A75D-DE4C4776FE8A}.AppStore|iPhoneSimulator.ActiveCfg = AppStore|iPhoneSimulator
		{562ACB16-BCBC-4B8D-A75D-DE4C4776FE8A}.AppStore|iPhoneSimulator.Build.0 = AppStore|iPhoneSimulator
		{562ACB16-BCBC-4B8D-A75D-DE4C4776FE8A}.AppStore|iPhoneSimulator.Deploy.0 = AppStore|iPhoneSimulator
		{562ACB16-BCBC-4B8D-A75D-DE4C4776FE8A}.Debug|Any CPU.ActiveCfg = Debug|iPhoneSimulator
		{562ACB16-BCBC-4B8D-A75D-DE4C4776FE8A}.Debug|Any CPU.Build.0 = Debug|iPhoneSimulator
		{562ACB16-BCBC-4B8D-A75D-DE4C4776FE8A}.Debug|Any CPU.Deploy.0 = Debug|iPhoneSimulator
		{562ACB16-BCBC-4B8D-A75D-DE4C4776FE8A}.Debug|iPhone.ActiveCfg = Debug|iPhone
		{562ACB16-BCBC-4B8D-A75D-DE4C4776FE8A}.Debug|iPhone.Build.0 = Debug|iPhone
		{562ACB16-BCBC-4B8D-A75D-DE4C4776FE8A}.Debug|iPhone.Deploy.0 = Debug|iPhone
		{562ACB16-BCBC-4B8D-A75D-DE4C4776FE8A}.Debug|iPhoneSimulator.ActiveCfg = Debug|iPhoneSimulator
		{562ACB16-BCBC-4B8D-A75D-DE4C4776FE8A}.Debug|iPhoneSimulator.Build.0 = Debug|iPhoneSimulator
		{562ACB16-BCBC-4B8D-A75D-DE4C4776FE8A}.Debug|iPhoneSimulator.Deploy.0 = Debug|iPhoneSimulator
		{562ACB16-BCBC-4B8D-A75D-DE4C4776FE8A}.Release|Any CPU.ActiveCfg = Release|iPhone
		{562ACB16-BCBC-4B8D-A75D-DE4C4776FE8A}.Release|Any CPU.Build.0 = Release|iPhone
		{562ACB16-BCBC-4B8D-A75D-DE4C4776FE8A}.Release|Any CPU.Deploy.0 = Release|iPhone
		{562ACB16-BCBC-4B8D-A75D-DE4C4776FE8A}.Release|iPhone.ActiveCfg = Release|iPhone
		{562ACB16-BCBC-4B8D-A75D-DE4C4776FE8A}.Release|iPhone.Build.0 = Release|iPhone
		{562ACB16-BCBC-4B8D-A75D-DE4C4776FE8A}.Release|iPhone.Deploy.0 = Release|iPhone
		{562ACB16-BCBC-4B8D-A75D-DE4C4776FE8A}.Release|iPhoneSimulator.ActiveCfg = Release|iPhoneSimulator
		{562ACB16-BCBC-4B8D-A75D-DE4C4776FE8A}.Release|iPhoneSimulator.Build.0 = Release|iPhoneSimulator
		{562ACB16-BCBC-4B8D-A75D-DE4C4776FE8A}.Release|iPhoneSimulator.Deploy.0 = Release|iPhoneSimulator
		{038A233B-B5F7-4313-8882-65D1A139F16C}.Ad-Hoc|Any CPU.ActiveCfg = Debug|Any CPU
		{038A233B-B5F7-4313-8882-65D1A139F16C}.Ad-Hoc|Any CPU.Build.0 = Debug|Any CPU
		{038A233B-B5F7-4313-8882-65D1A139F16C}.Ad-Hoc|Any CPU.Deploy.0 = Debug|Any CPU
		{038A233B-B5F7-4313-8882-65D1A139F16C}.Ad-Hoc|iPhone.ActiveCfg = Debug|Any CPU
		{038A233B-B5F7-4313-8882-65D1A139F16C}.Ad-Hoc|iPhone.Build.0 = Debug|Any CPU
		{038A233B-B5F7-4313-8882-65D1A139F16C}.Ad-Hoc|iPhone.Deploy.0 = Debug|Any CPU
		{038A233B-B5F7-4313-8882-65D1A139F16C}.Ad-Hoc|iPhoneSimulator.ActiveCfg = Debug|Any CPU
		{038A233B-B5F7-4313-8882-65D1A139F16C}.Ad-Hoc|iPhoneSimulator.Build.0 = Debug|Any CPU
		{038A233B-B5F7-4313-8882-65D1A139F16C}.Ad-Hoc|iPhoneSimulator.Deploy.0 = Debug|Any CPU
		{038A233B-B5F7-4313-8882-65D1A139F16C}.AppStore|Any CPU.ActiveCfg = Debug|Any CPU
		{038A233B-B5F7-4313-8882-65D1A139F16C}.AppStore|Any CPU.Build.0 = Debug|Any CPU
		{038A233B-B5F7-4313-8882-65D1A139F16C}.AppStore|Any CPU.Deploy.0 = Debug|Any CPU
		{038A233B-B5F7-4313-8882-65D1A139F16C}.AppStore|iPhone.ActiveCfg = Debug|Any CPU
		{038A233B-B5F7-4313-8882-65D1A139F16C}.AppStore|iPhone.Build.0 = Debug|Any CPU
		{038A233B-B5F7-4313-8882-65D1A139F16C}.AppStore|iPhone.Deploy.0 = Debug|Any CPU
		{038A233B-B5F7-4313-8882-65D1A139F16C}.AppStore|iPhoneSimulator.ActiveCfg = Debug|Any CPU
		{038A233B-B5F7-4313-8882-65D1A139F16C}.AppStore|iPhoneSimulator.Build.0 = Debug|Any CPU
		{038A233B-B5F7-4313-8882-65D1A139F16C}.AppStore|iPhoneSimulator.Deploy.0 = Debug|Any CPU
		{038A233B-B5F7-4313-8882-65D1A139F16C}.Debug|Any CPU.ActiveCfg = Debug|Any CPU
		{038A233B-B5F7-4313-8882-65D1A139F16C}.Debug|Any CPU.Build.0 = Debug|Any CPU
		{038A233B-B5F7-4313-8882-65D1A139F16C}.Debug|Any CPU.Deploy.0 = Debug|Any CPU
		{038A233B-B5F7-4313-8882-65D1A139F16C}.Debug|iPhone.ActiveCfg = Debug|Any CPU
		{038A233B-B5F7-4313-8882-65D1A139F16C}.Debug|iPhone.Build.0 = Debug|Any CPU
		{038A233B-B5F7-4313-8882-65D1A139F16C}.Debug|iPhone.Deploy.0 = Debug|Any CPU
		{038A233B-B5F7-4313-8882-65D1A139F16C}.Debug|iPhoneSimulator.ActiveCfg = Debug|Any CPU
		{038A233B-B5F7-4313-8882-65D1A139F16C}.Debug|iPhoneSimulator.Build.0 = Debug|Any CPU
		{038A233B-B5F7-4313-8882-65D1A139F16C}.Debug|iPhoneSimulator.Deploy.0 = Debug|Any CPU
		{038A233B-B5F7-4313-8882-65D1A139F16C}.Release|Any CPU.ActiveCfg = Release|Any CPU
		{038A233B-B5F7-4313-8882-65D1A139F16C}.Release|Any CPU.Build.0 = Release|Any CPU
		{038A233B-B5F7-4313-8882-65D1A139F16C}.Release|Any CPU.Deploy.0 = Release|Any CPU
		{038A233B-B5F7-4313-8882-65D1A139F16C}.Release|iPhone.ActiveCfg = Release|Any CPU
		{038A233B-B5F7-4313-8882-65D1A139F16C}.Release|iPhone.Build.0 = Release|Any CPU
		{038A233B-B5F7-4313-8882-65D1A139F16C}.Release|iPhone.Deploy.0 = Release|Any CPU
		{038A233B-B5F7-4313-8882-65D1A139F16C}.Release|iPhoneSimulator.ActiveCfg = Release|Any CPU
		{038A233B-B5F7-4313-8882-65D1A139F16C}.Release|iPhoneSimulator.Build.0 = Release|Any CPU
		{038A233B-B5F7-4313-8882-65D1A139F16C}.Release|iPhoneSimulator.Deploy.0 = Release|Any CPU
	EndGlobalSection
	GlobalSection(SolutionProperties) = preSolution
		HideSolutionNode = FALSE
	EndGlobalSection
	GlobalSection(ExtensibilityGlobals) = postSolution
		SolutionGuid = {64928387-1C78-4A72-95AF-7661985E12F0}
	EndGlobalSection
EndGlobal
